
Microsoft Visual Studio Solution File, Format Version 12.00
# Visual Studio Version 17
VisualStudioVersion = 17.7.34024.191
MinimumVisualStudioVersion = 10.0.40219.1
Project("{8BC9CEB8-8B4A-11D0-8D11-00A0C91BC942}") = "chess_class", "chess_class\chess_class.vcxproj", "{B33FFF9B-B864-415D-A11A-8891DAA7EFA4}"
EndProject
Global
	GlobalSection(SolutionConfigurationPlatforms) = preSolution
		Debug|x64 = Debug|x64
		Debug|x86 = Debug|x86
		Release|x64 = Release|x64
		Release|x86 = Release|x86
	EndGlobalSection
	GlobalSection(ProjectConfigurationPlatforms) = postSolution
		{B33FFF9B-B864-415D-A11A-8891DAA7EFA4}.Debug|x64.ActiveCfg = Debug|x64
		{B33FFF9B-B864-415D-A11A-8891DAA7EFA4}.Debug|x64.Build.0 = Debug|x64
		{B33FFF9B-B864-415D-A11A-8891DAA7EFA4}.Debug|x86.ActiveCfg = Debug|Win32
		{B33FFF9B-B864-415D-A11A-8891DAA7EFA4}.Debug|x86.Build.0 = Debug|Win32
		{B33FFF9B-B864-415D-A11A-8891DAA7EFA4}.Release|x64.ActiveCfg = Release|x64
		{B33FFF9B-B864-415D-A11A-8891DAA7EFA4}.Release|x64.Build.0 = Release|x64
		{B33FFF9B-B864-415D-A11A-8891DAA7EFA4}.Release|x86.ActiveCfg = Release|Win32
		{B33FFF9B-B864-415D-A11A-8891DAA7EFA4}.Release|x86.Build.0 = Release|Win32
	EndGlobalSection
	GlobalSection(SolutionProperties) = preSolution
		HideSolutionNode = FALSE
	EndGlobalSection
	GlobalSection(ExtensibilityGlobals) = postSolution
		SolutionGuid = {DA887DED-761A-43F0-A936-C23EEB649144}
	EndGlobalSection
EndGlobal
